
Microsoft Visual Studio Solution File, Format Version 12.00
# Visual Studio 14
VisualStudioVersion = 14.0.25420.1
MinimumVisualStudioVersion = 10.0.40219.1
Project("{FAE04EC0-301F-11D3-BF4B-00C04F79EFBC}") = "Mesajlasma.BLL", "..\..\..\..\Desktop\503DataAccess\503DataAccess\Mesajlasma.BLL\Mesajlasma.BLL.csproj", "{AFA55A82-9D9E-488F-A437-8BDD64876A8B}"
EndProject
Project("{FAE04EC0-301F-11D3-BF4B-00C04F79EFBC}") = "Mesajlasma.DAL", "..\..\..\..\Desktop\503DataAccess\503DataAccess\Mesajlasma.DAL\Mesajlasma.DAL.csproj", "{1F5D8127-D4A4-4BAE-9F8B-6229ADB8FBFF}"
EndProject
Project("{FAE04EC0-301F-11D3-BF4B-00C04F79EFBC}") = "Mesajlasma.Models", "..\..\..\..\Desktop\503DataAccess\503DataAccess\Mesajlasma.Models\Mesajlasma.Models.csproj", "{39F91E0C-E8E8-487C-84E5-0B7EBE5E75C4}"
EndProject
Project("{FAE04EC0-301F-11D3-BF4B-00C04F79EFBC}") = "Mesajlasma.WFA", "..\..\..\..\Desktop\503DataAccess\503DataAccess\Mesajlasma.WFA\Mesajlasma.WFA.csproj", "{205509A1-AB6F-4629-A755-5A98FE0C44C6}"
EndProject
Global
	GlobalSection(SolutionConfigurationPlatforms) = preSolution
		Debug|Any CPU = Debug|Any CPU
		Release|Any CPU = Release|Any CPU
	EndGlobalSection
	GlobalSection(ProjectConfigurationPlatforms) = postSolution
		{AFA55A82-9D9E-488F-A437-8BDD64876A8B}.Debug|Any CPU.ActiveCfg = Debug|Any CPU
		{AFA55A82-9D9E-488F-A437-8BDD64876A8B}.Debug|Any CPU.Build.0 = Debug|Any CPU
		{AFA55A82-9D9E-488F-A437-8BDD64876A8B}.Release|Any CPU.ActiveCfg = Release|Any CPU
		{AFA55A82-9D9E-488F-A437-8BDD64876A8B}.Release|Any CPU.Build.0 = Release|Any CPU
		{1F5D8127-D4A4-4BAE-9F8B-6229ADB8FBFF}.Debug|Any CPU.ActiveCfg = Debug|Any CPU
		{1F5D8127-D4A4-4BAE-9F8B-6229ADB8FBFF}.Debug|Any CPU.Build.0 = Debug|Any CPU
		{1F5D8127-D4A4-4BAE-9F8B-6229ADB8FBFF}.Release|Any CPU.ActiveCfg = Release|Any CPU
		{1F5D8127-D4A4-4BAE-9F8B-6229ADB8FBFF}.Release|Any CPU.Build.0 = Release|Any CPU
		{39F91E0C-E8E8-487C-84E5-0B7EBE5E75C4}.Debug|Any CPU.ActiveCfg = Debug|Any CPU
		{39F91E0C-E8E8-487C-84E5-0B7EBE5E75C4}.Debug|Any CPU.Build.0 = Debug|Any CPU
		{39F91E0C-E8E8-487C-84E5-0B7EBE5E75C4}.Release|Any CPU.ActiveCfg = Release|Any CPU
		{39F91E0C-E8E8-487C-84E5-0B7EBE5E75C4}.Release|Any CPU.Build.0 = Release|Any CPU
		{205509A1-AB6F-4629-A755-5A98FE0C44C6}.Debug|Any CPU.ActiveCfg = Debug|Any CPU
		{205509A1-AB6F-4629-A755-5A98FE0C44C6}.Debug|Any CPU.Build.0 = Debug|Any CPU
		{205509A1-AB6F-4629-A755-5A98FE0C44C6}.Release|Any CPU.ActiveCfg = Release|Any CPU
		{205509A1-AB6F-4629-A755-5A98FE0C44C6}.Release|Any CPU.Build.0 = Release|Any CPU
	EndGlobalSection
	GlobalSection(SolutionProperties) = preSolution
		HideSolutionNode = FALSE
	EndGlobalSection
EndGlobal
